// !$*UTF8*$!
{
	archiveVersion = 1;
	classes = {
	};
	objectVersion = 46;
	objects = {

/* Begin PBXBuildFile section */
		1D60589B0D05DD56006BFB54 /* main.m in Sources */ = {isa = PBXBuildFile; fileRef = 29B97316FDCFA39411CA2CEA /* main.m */; };
		1D60589F0D05DD5A006BFB54 /* Foundation.framework in Frameworks */ = {isa = PBXBuildFile; fileRef = 1D30AB110D05D00D00671497 /* Foundation.framework */; };
		1DF5F4E00D08C38300B7A737 /* UIKit.framework in Frameworks */ = {isa = PBXBuildFile; fileRef = 1DF5F4DF0D08C38300B7A737 /* UIKit.framework */; };
		2819307D112F81BE00ECF9B4 /* MathTutor.xcdatamodeld in Sources */ = {isa = PBXBuildFile; fileRef = 2819307C112F81BE00ECF9B4 /* MathTutor.xcdatamodeld */; };
		2860E38B111B897F00E27156 /* MainWindow_iPhone.xib in Resources */ = {isa = PBXBuildFile; fileRef = 2860E389111B897F00E27156 /* MainWindow_iPhone.xib */; };
		288765FD0DF74451002DB57D /* CoreGraphics.framework in Frameworks */ = {isa = PBXBuildFile; fileRef = 288765FC0DF74451002DB57D /* CoreGraphics.framework */; };
		28AD733F0D9D9553002E5188 /* MainWindow_iPad.xib in Resources */ = {isa = PBXBuildFile; fileRef = 28AD733E0D9D9553002E5188 /* MainWindow_iPad.xib */; };
		28EEBFDD1118E19E00187D67 /* CoreData.framework in Frameworks */ = {isa = PBXBuildFile; fileRef = 28EEBFDC1118E19E00187D67 /* CoreData.framework */; };
		28EEC04B1118E28000187D67 /* AppDelegate_Shared.m in Sources */ = {isa = PBXBuildFile; fileRef = 28EEC04A1118E28000187D67 /* AppDelegate_Shared.m */; };
		76105DC213DFC7CE002452E0 /* star.png in Resources */ = {isa = PBXBuildFile; fileRef = 76105DC113DFC7CE002452E0 /* star.png */; };
		76105DC413DFC85B002452E0 /* sad.png in Resources */ = {isa = PBXBuildFile; fileRef = 76105DC313DFC85B002452E0 /* sad.png */; };
		761A3805132F16050035BC9F /* none.wav in Resources */ = {isa = PBXBuildFile; fileRef = 761A3804132F16050035BC9F /* none.wav */; };
		7637557F142BCDD500CA49C4 /* PlayerViewController.m in Sources */ = {isa = PBXBuildFile; fileRef = 7637557D142BCDD500CA49C4 /* PlayerViewController.m */; };
		76375580142BCDD500CA49C4 /* PlayerViewController.xib in Resources */ = {isa = PBXBuildFile; fileRef = 7637557E142BCDD500CA49C4 /* PlayerViewController.xib */; };
		76375585142BCDF200CA49C4 /* iPadPlayerViewController.xib in Resources */ = {isa = PBXBuildFile; fileRef = 76375583142BCDF200CA49C4 /* iPadPlayerViewController.xib */; };
		76375587142BD1A600CA49C4 /* GameKit.framework in Frameworks */ = {isa = PBXBuildFile; fileRef = 76375586142BD1A600CA49C4 /* GameKit.framework */; };
		76375598142C0FDC00CA49C4 /* ScoreTableList.m in Sources */ = {isa = PBXBuildFile; fileRef = 76375596142C0FDC00CA49C4 /* ScoreTableList.m */; };
		76375599142C0FDC00CA49C4 /* ScoreTableList.xib in Resources */ = {isa = PBXBuildFile; fileRef = 76375597142C0FDC00CA49C4 /* ScoreTableList.xib */; };
		7645057314428BBD0070C8D0 /* RootViewController.m in Sources */ = {isa = PBXBuildFile; fileRef = 7645057214428BBD0070C8D0 /* RootViewController.m */; };
		764505751443FDDB0070C8D0 /* Storyboard_iPhone.storyboard in Resources */ = {isa = PBXBuildFile; fileRef = 764505741443FDDB0070C8D0 /* Storyboard_iPhone.storyboard */; };
		76699D2F132DADD700317ACC /* Icon-72.png in Resources */ = {isa = PBXBuildFile; fileRef = 76699D2C132DADD700317ACC /* Icon-72.png */; };
		76699D30132DADD700317ACC /* Icon.png in Resources */ = {isa = PBXBuildFile; fileRef = 76699D2D132DADD700317ACC /* Icon.png */; };
		76699D31132DADD700317ACC /* Icon@2x.png in Resources */ = {isa = PBXBuildFile; fileRef = 76699D2E132DADD700317ACC /* Icon@2x.png */; };
		7693B6CF131F02060085DACB /* black.png in Resources */ = {isa = PBXBuildFile; fileRef = 7693B6CE131F02060085DACB /* black.png */; };
		76A4FB3B131C34AE00A052C6 /* StartScreenController.m in Sources */ = {isa = PBXBuildFile; fileRef = 76A4FB39131C34AE00A052C6 /* StartScreenController.m */; };
		76A4FB3C131C34AE00A052C6 /* iPadStartScreenController.xib in Resources */ = {isa = PBXBuildFile; fileRef = 76A4FB3A131C34AE00A052C6 /* iPadStartScreenController.xib */; };
		76A4FB41131C34D300A052C6 /* iPhoneStartScreenController.xib in Resources */ = {isa = PBXBuildFile; fileRef = 76A4FB3F131C34D300A052C6 /* iPhoneStartScreenController.xib */; };
		76A4FB60131C377600A052C6 /* Default.png in Resources */ = {isa = PBXBuildFile; fileRef = 76A4FB5F131C377600A052C6 /* Default.png */; };
		76A4FB69131C392B00A052C6 /* TN_09-10_S_22A.jpg in Resources */ = {isa = PBXBuildFile; fileRef = 76A4FB68131C392B00A052C6 /* TN_09-10_S_22A.jpg */; };
		76A4FBAE131C3C5200A052C6 /* PlayController.m in Sources */ = {isa = PBXBuildFile; fileRef = 76A4FBAC131C3C5200A052C6 /* PlayController.m */; };
		76A4FBAF131C3C5200A052C6 /* iPadPlayController.xib in Resources */ = {isa = PBXBuildFile; fileRef = 76A4FBAD131C3C5200A052C6 /* iPadPlayController.xib */; };
		76A4FBB4131C3C7600A052C6 /* iPhonePlayController.xib in Resources */ = {isa = PBXBuildFile; fileRef = 76A4FBB2131C3C7600A052C6 /* iPhonePlayController.xib */; };
		76D67DD0132D7DEB00786FB0 /* SoundManager.m in Sources */ = {isa = PBXBuildFile; fileRef = 76D67DCF132D7DEB00786FB0 /* SoundManager.m */; };
		76D67DDB132D7F0F00786FB0 /* AudioToolbox.framework in Frameworks */ = {isa = PBXBuildFile; fileRef = 76D67DDA132D7F0F00786FB0 /* AudioToolbox.framework */; };
		76D67E42132D886300786FB0 /* 1.wav in Resources */ = {isa = PBXBuildFile; fileRef = 76D67E12132D886300786FB0 /* 1.wav */; };
		76D67E43132D886300786FB0 /* 2.wav in Resources */ = {isa = PBXBuildFile; fileRef = 76D67E13132D886300786FB0 /* 2.wav */; };
		76D67E44132D886300786FB0 /* 3.wav in Resources */ = {isa = PBXBuildFile; fileRef = 76D67E14132D886300786FB0 /* 3.wav */; };
		76D67E45132D886300786FB0 /* 4.wav in Resources */ = {isa = PBXBuildFile; fileRef = 76D67E15132D886300786FB0 /* 4.wav */; };
		76D67E46132D886300786FB0 /* 5.wav in Resources */ = {isa = PBXBuildFile; fileRef = 76D67E16132D886300786FB0 /* 5.wav */; };
		76D67E47132D886300786FB0 /* 6.wav in Resources */ = {isa = PBXBuildFile; fileRef = 76D67E17132D886300786FB0 /* 6.wav */; };
		76D67E48132D886300786FB0 /* 7.wav in Resources */ = {isa = PBXBuildFile; fileRef = 76D67E18132D886300786FB0 /* 7.wav */; };
		76D67E49132D886300786FB0 /* 8.wav in Resources */ = {isa = PBXBuildFile; fileRef = 76D67E19132D886300786FB0 /* 8.wav */; };
		76D67E4A132D886300786FB0 /* 9.wav in Resources */ = {isa = PBXBuildFile; fileRef = 76D67E1A132D886300786FB0 /* 9.wav */; };
		76D67E4B132D886300786FB0 /* 10.wav in Resources */ = {isa = PBXBuildFile; fileRef = 76D67E1B132D886300786FB0 /* 10.wav */; };
		76D67E4C132D886300786FB0 /* 11.wav in Resources */ = {isa = PBXBuildFile; fileRef = 76D67E1C132D886300786FB0 /* 11.wav */; };
		76D67E4D132D886300786FB0 /* 12.wav in Resources */ = {isa = PBXBuildFile; fileRef = 76D67E1D132D886300786FB0 /* 12.wav */; };
		76D67E4E132D886300786FB0 /* 13.wav in Resources */ = {isa = PBXBuildFile; fileRef = 76D67E1E132D886300786FB0 /* 13.wav */; };
		76D67E4F132D886300786FB0 /* 14.wav in Resources */ = {isa = PBXBuildFile; fileRef = 76D67E1F132D886300786FB0 /* 14.wav */; };
		76D67E50132D886300786FB0 /* 15.wav in Resources */ = {isa = PBXBuildFile; fileRef = 76D67E20132D886300786FB0 /* 15.wav */; };
		76D67E51132D886300786FB0 /* 16.wav in Resources */ = {isa = PBXBuildFile; fileRef = 76D67E21132D886300786FB0 /* 16.wav */; };
		76D67E52132D886300786FB0 /* 17.wav in Resources */ = {isa = PBXBuildFile; fileRef = 76D67E22132D886300786FB0 /* 17.wav */; };
		76D67E53132D886300786FB0 /* 18.wav in Resources */ = {isa = PBXBuildFile; fileRef = 76D67E23132D886300786FB0 /* 18.wav */; };
		76D67E54132D886300786FB0 /* 19.wav in Resources */ = {isa = PBXBuildFile; fileRef = 76D67E24132D886300786FB0 /* 19.wav */; };
		76D67E55132D886300786FB0 /* 20.wav in Resources */ = {isa = PBXBuildFile; fileRef = 76D67E25132D886300786FB0 /* 20.wav */; };
		76D67E56132D886300786FB0 /* 21.wav in Resources */ = {isa = PBXBuildFile; fileRef = 76D67E26132D886300786FB0 /* 21.wav */; };
		76D67E57132D886300786FB0 /* 22.wav in Resources */ = {isa = PBXBuildFile; fileRef = 76D67E27132D886300786FB0 /* 22.wav */; };
		76D67E58132D886300786FB0 /* 23.wav in Resources */ = {isa = PBXBuildFile; fileRef = 76D67E28132D886300786FB0 /* 23.wav */; };
		76D67E59132D886300786FB0 /* 24.wav in Resources */ = {isa = PBXBuildFile; fileRef = 76D67E29132D886300786FB0 /* 24.wav */; };
		76D67E5A132D886300786FB0 /* 25.wav in Resources */ = {isa = PBXBuildFile; fileRef = 76D67E2A132D886300786FB0 /* 25.wav */; };
		76D67E5B132D886300786FB0 /* 26.wav in Resources */ = {isa = PBXBuildFile; fileRef = 76D67E2B132D886300786FB0 /* 26.wav */; };
		76D67E5C132D886300786FB0 /* 27.wav in Resources */ = {isa = PBXBuildFile; fileRef = 76D67E2C132D886300786FB0 /* 27.wav */; };
		76D67E5D132D886300786FB0 /* 28.wav in Resources */ = {isa = PBXBuildFile; fileRef = 76D67E2D132D886300786FB0 /* 28.wav */; };
		76D67E5E132D886300786FB0 /* 29.wav in Resources */ = {isa = PBXBuildFile; fileRef = 76D67E2E132D886300786FB0 /* 29.wav */; };
		76D67E5F132D886300786FB0 /* 30.wav in Resources */ = {isa = PBXBuildFile; fileRef = 76D67E2F132D886300786FB0 /* 30.wav */; };
		76D67E60132D886300786FB0 /* divided.wav in Resources */ = {isa = PBXBuildFile; fileRef = 76D67E30132D886300786FB0 /* divided.wav */; };
		76D67E61132D886300786FB0 /* minus.wav in Resources */ = {isa = PBXBuildFile; fileRef = 76D67E31132D886300786FB0 /* minus.wav */; };
		76D67E62132D886300786FB0 /* no0.wav in Resources */ = {isa = PBXBuildFile; fileRef = 76D67E32132D886300786FB0 /* no0.wav */; };
		76D67E63132D886300786FB0 /* no1.wav in Resources */ = {isa = PBXBuildFile; fileRef = 76D67E33132D886300786FB0 /* no1.wav */; };
		76D67E64132D886300786FB0 /* no2.wav in Resources */ = {isa = PBXBuildFile; fileRef = 76D67E34132D886300786FB0 /* no2.wav */; };
		76D67E65132D886300786FB0 /* no3.wav in Resources */ = {isa = PBXBuildFile; fileRef = 76D67E35132D886300786FB0 /* no3.wav */; };
		76D67E66132D886300786FB0 /* no4.wav in Resources */ = {isa = PBXBuildFile; fileRef = 76D67E36132D886300786FB0 /* no4.wav */; };
		76D67E67132D886300786FB0 /* no5.wav in Resources */ = {isa = PBXBuildFile; fileRef = 76D67E37132D886300786FB0 /* no5.wav */; };
		76D67E68132D886300786FB0 /* plus.wav in Resources */ = {isa = PBXBuildFile; fileRef = 76D67E38132D886300786FB0 /* plus.wav */; };
		76D67E69132D886300786FB0 /* times.wav in Resources */ = {isa = PBXBuildFile; fileRef = 76D67E39132D886300786FB0 /* times.wav */; };
		76D67E6A132D886300786FB0 /* welcome.wav in Resources */ = {isa = PBXBuildFile; fileRef = 76D67E3A132D886300786FB0 /* welcome.wav */; };
		76D67E6B132D886300786FB0 /* what.wav in Resources */ = {isa = PBXBuildFile; fileRef = 76D67E3B132D886300786FB0 /* what.wav */; };
		76D67E6C132D886300786FB0 /* yes0.wav in Resources */ = {isa = PBXBuildFile; fileRef = 76D67E3C132D886300786FB0 /* yes0.wav */; };
		76D67E6D132D886300786FB0 /* yes1.wav in Resources */ = {isa = PBXBuildFile; fileRef = 76D67E3D132D886300786FB0 /* yes1.wav */; };
		76D67E6E132D886300786FB0 /* yes2.wav in Resources */ = {isa = PBXBuildFile; fileRef = 76D67E3E132D886300786FB0 /* yes2.wav */; };
		76D67E6F132D886300786FB0 /* yes3.wav in Resources */ = {isa = PBXBuildFile; fileRef = 76D67E3F132D886300786FB0 /* yes3.wav */; };
		76D67E70132D886300786FB0 /* yes4.wav in Resources */ = {isa = PBXBuildFile; fileRef = 76D67E40132D886300786FB0 /* yes4.wav */; };
		76D67E71132D886300786FB0 /* yes5.wav in Resources */ = {isa = PBXBuildFile; fileRef = 76D67E41132D886300786FB0 /* yes5.wav */; };
		76D67EB8132D8F9E00786FB0 /* iAd.framework in Frameworks */ = {isa = PBXBuildFile; fileRef = 76D67EB7132D8F9E00786FB0 /* iAd.framework */; };
/* End PBXBuildFile section */

/* Begin PBXFileReference section */
		1D30AB110D05D00D00671497 /* Foundation.framework */ = {isa = PBXFileReference; lastKnownFileType = wrapper.framework; name = Foundation.framework; path = System/Library/Frameworks/Foundation.framework; sourceTree = SDKROOT; };
		1D6058910D05DD3D006BFB54 /* MathTutor.app */ = {isa = PBXFileReference; explicitFileType = wrapper.application; includeInIndex = 0; path = MathTutor.app; sourceTree = BUILT_PRODUCTS_DIR; };
		1DF5F4DF0D08C38300B7A737 /* UIKit.framework */ = {isa = PBXFileReference; lastKnownFileType = wrapper.framework; name = UIKit.framework; path = System/Library/Frameworks/UIKit.framework; sourceTree = SDKROOT; };
		2860E389111B897F00E27156 /* MainWindow_iPhone.xib */ = {isa = PBXFileReference; lastKnownFileType = file.xib; path = MainWindow_iPhone.xib; sourceTree = "<group>"; };
		2870939E111907710040F596 /* MathTutor.xcdatamodel */ = {isa = PBXFileReference; fileEncoding = 4; lastKnownFileType = wrapper.xcdatamodel; path = MathTutor.xcdatamodel; sourceTree = "<group>"; };
		288765FC0DF74451002DB57D /* CoreGraphics.framework */ = {isa = PBXFileReference; lastKnownFileType = wrapper.framework; name = CoreGraphics.framework; path = System/Library/Frameworks/CoreGraphics.framework; sourceTree = SDKROOT; };
		28AD733E0D9D9553002E5188 /* MainWindow_iPad.xib */ = {isa = PBXFileReference; lastKnownFileType = file.xib; name = MainWindow_iPad.xib; path = iPad/MainWindow_iPad.xib; sourceTree = "<group>"; };
		28EEBFDC1118E19E00187D67 /* CoreData.framework */ = {isa = PBXFileReference; lastKnownFileType = wrapper.framework; name = CoreData.framework; path = System/Library/Frameworks/CoreData.framework; sourceTree = SDKROOT; };
		28EEC0491118E28000187D67 /* AppDelegate_Shared.h */ = {isa = PBXFileReference; fileEncoding = 4; lastKnownFileType = sourcecode.c.h; name = AppDelegate_Shared.h; path = Shared/AppDelegate_Shared.h; sourceTree = "<group>"; };
		28EEC04A1118E28000187D67 /* AppDelegate_Shared.m */ = {isa = PBXFileReference; fileEncoding = 4; lastKnownFileType = sourcecode.c.objc; name = AppDelegate_Shared.m; path = Shared/AppDelegate_Shared.m; sourceTree = "<group>"; };
		29B97316FDCFA39411CA2CEA /* main.m */ = {isa = PBXFileReference; fileEncoding = 4; lastKnownFileType = sourcecode.c.objc; name = main.m; path = Shared/main.m; sourceTree = "<group>"; };
		32CA4F630368D1EE00C91783 /* MathTutor_Prefix.pch */ = {isa = PBXFileReference; fileEncoding = 4; lastKnownFileType = sourcecode.c.h; path = MathTutor_Prefix.pch; sourceTree = "<group>"; };
		76105DC113DFC7CE002452E0 /* star.png */ = {isa = PBXFileReference; lastKnownFileType = image.png; path = star.png; sourceTree = "<group>"; };
		76105DC313DFC85B002452E0 /* sad.png */ = {isa = PBXFileReference; lastKnownFileType = image.png; path = sad.png; sourceTree = "<group>"; };
		761A3804132F16050035BC9F /* none.wav */ = {isa = PBXFileReference; lastKnownFileType = audio.wav; path = none.wav; sourceTree = "<group>"; };
		7637557C142BCDD500CA49C4 /* PlayerViewController.h */ = {isa = PBXFileReference; fileEncoding = 4; lastKnownFileType = sourcecode.c.h; path = PlayerViewController.h; sourceTree = "<group>"; };
		7637557D142BCDD500CA49C4 /* PlayerViewController.m */ = {isa = PBXFileReference; fileEncoding = 4; lastKnownFileType = sourcecode.c.objc; path = PlayerViewController.m; sourceTree = "<group>"; };
		7637557E142BCDD500CA49C4 /* PlayerViewController.xib */ = {isa = PBXFileReference; fileEncoding = 4; lastKnownFileType = file.xib; name = PlayerViewController.xib; path = ../PlayerViewController.xib; sourceTree = "<group>"; };
		76375583142BCDF200CA49C4 /* iPadPlayerViewController.xib */ = {isa = PBXFileReference; fileEncoding = 4; lastKnownFileType = file.xib; path = iPadPlayerViewController.xib; sourceTree = "<group>"; };
		76375586142BD1A600CA49C4 /* GameKit.framework */ = {isa = PBXFileReference; lastKnownFileType = wrapper.framework; name = GameKit.framework; path = System/Library/Frameworks/GameKit.framework; sourceTree = SDKROOT; };
		76375595142C0FDC00CA49C4 /* ScoreTableList.h */ = {isa = PBXFileReference; fileEncoding = 4; lastKnownFileType = sourcecode.c.h; path = ScoreTableList.h; sourceTree = "<group>"; };
		76375596142C0FDC00CA49C4 /* ScoreTableList.m */ = {isa = PBXFileReference; fileEncoding = 4; lastKnownFileType = sourcecode.c.objc; path = ScoreTableList.m; sourceTree = "<group>"; };
		76375597142C0FDC00CA49C4 /* ScoreTableList.xib */ = {isa = PBXFileReference; fileEncoding = 4; lastKnownFileType = file.xib; path = ScoreTableList.xib; sourceTree = "<group>"; };
		7645057114428BBD0070C8D0 /* RootViewController.h */ = {isa = PBXFileReference; fileEncoding = 4; lastKnownFileType = sourcecode.c.h; name = RootViewController.h; path = Shared/RootViewController.h; sourceTree = "<group>"; };
		7645057214428BBD0070C8D0 /* RootViewController.m */ = {isa = PBXFileReference; fileEncoding = 4; lastKnownFileType = sourcecode.c.objc; name = RootViewController.m; path = Shared/RootViewController.m; sourceTree = "<group>"; };
		764505741443FDDB0070C8D0 /* Storyboard_iPhone.storyboard */ = {isa = PBXFileReference; fileEncoding = 4; lastKnownFileType = file.storyboard; path = Storyboard_iPhone.storyboard; sourceTree = "<group>"; };
		76699D2C132DADD700317ACC /* Icon-72.png */ = {isa = PBXFileReference; lastKnownFileType = image.png; path = "Icon-72.png"; sourceTree = "<group>"; };
		76699D2D132DADD700317ACC /* Icon.png */ = {isa = PBXFileReference; lastKnownFileType = image.png; path = Icon.png; sourceTree = "<group>"; };
		76699D2E132DADD700317ACC /* Icon@2x.png */ = {isa = PBXFileReference; lastKnownFileType = image.png; path = "Icon@2x.png"; sourceTree = "<group>"; };
		7693B6CE131F02060085DACB /* black.png */ = {isa = PBXFileReference; lastKnownFileType = image.png; path = black.png; sourceTree = "<group>"; };
		76A4FB38131C34AE00A052C6 /* StartScreenController.h */ = {isa = PBXFileReference; fileEncoding = 4; lastKnownFileType = sourcecode.c.h; path = StartScreenController.h; sourceTree = "<group>"; };
		76A4FB39131C34AE00A052C6 /* StartScreenController.m */ = {isa = PBXFileReference; fileEncoding = 4; lastKnownFileType = sourcecode.c.objc; path = StartScreenController.m; sourceTree = "<group>"; };
		76A4FB3A131C34AE00A052C6 /* iPadStartScreenController.xib */ = {isa = PBXFileReference; lastKnownFileType = file.xib; path = iPadStartScreenController.xib; sourceTree = "<group>"; };
		76A4FB3F131C34D300A052C6 /* iPhoneStartScreenController.xib */ = {isa = PBXFileReference; lastKnownFileType = file.xib; path = iPhoneStartScreenController.xib; sourceTree = "<group>"; };
		76A4FB5F131C377600A052C6 /* Default.png */ = {isa = PBXFileReference; lastKnownFileType = image.png; path = Default.png; sourceTree = "<group>"; };
		76A4FB68131C392B00A052C6 /* TN_09-10_S_22A.jpg */ = {isa = PBXFileReference; lastKnownFileType = image.jpeg; path = "TN_09-10_S_22A.jpg"; sourceTree = "<group>"; };
		76A4FBAB131C3C5200A052C6 /* PlayController.h */ = {isa = PBXFileReference; fileEncoding = 4; lastKnownFileType = sourcecode.c.h; path = PlayController.h; sourceTree = "<group>"; };
		76A4FBAC131C3C5200A052C6 /* PlayController.m */ = {isa = PBXFileReference; fileEncoding = 4; lastKnownFileType = sourcecode.c.objc; path = PlayController.m; sourceTree = "<group>"; };
		76A4FBAD131C3C5200A052C6 /* iPadPlayController.xib */ = {isa = PBXFileReference; lastKnownFileType = file.xib; path = iPadPlayController.xib; sourceTree = "<group>"; };
		76A4FBB2131C3C7600A052C6 /* iPhonePlayController.xib */ = {isa = PBXFileReference; lastKnownFileType = file.xib; path = iPhonePlayController.xib; sourceTree = "<group>"; };
		76D67DCE132D7DEB00786FB0 /* SoundManager.h */ = {isa = PBXFileReference; fileEncoding = 4; lastKnownFileType = sourcecode.c.h; name = SoundManager.h; path = Shared/SoundManager.h; sourceTree = "<group>"; };
		76D67DCF132D7DEB00786FB0 /* SoundManager.m */ = {isa = PBXFileReference; fileEncoding = 4; lastKnownFileType = sourcecode.c.objc; name = SoundManager.m; path = Shared/SoundManager.m; sourceTree = "<group>"; };
		76D67DD1132D7EB600786FB0 /* SoundDelegate.h */ = {isa = PBXFileReference; fileEncoding = 4; lastKnownFileType = sourcecode.c.h; name = SoundDelegate.h; path = Shared/SoundDelegate.h; sourceTree = "<group>"; };
		76D67DDA132D7F0F00786FB0 /* AudioToolbox.framework */ = {isa = PBXFileReference; lastKnownFileType = wrapper.framework; name = AudioToolbox.framework; path = System/Library/Frameworks/AudioToolbox.framework; sourceTree = SDKROOT; };
		76D67E12132D886300786FB0 /* 1.wav */ = {isa = PBXFileReference; lastKnownFileType = audio.wav; path = 1.wav; sourceTree = "<group>"; };
		76D67E13132D886300786FB0 /* 2.wav */ = {isa = PBXFileReference; lastKnownFileType = audio.wav; path = 2.wav; sourceTree = "<group>"; };
		76D67E14132D886300786FB0 /* 3.wav */ = {isa = PBXFileReference; lastKnownFileType = audio.wav; path = 3.wav; sourceTree = "<group>"; };
		76D67E15132D886300786FB0 /* 4.wav */ = {isa = PBXFileReference; lastKnownFileType = audio.wav; path = 4.wav; sourceTree = "<group>"; };
		76D67E16132D886300786FB0 /* 5.wav */ = {isa = PBXFileReference; lastKnownFileType = audio.wav; path = 5.wav; sourceTree = "<group>"; };
		76D67E17132D886300786FB0 /* 6.wav */ = {isa = PBXFileReference; lastKnownFileType = audio.wav; path = 6.wav; sourceTree = "<group>"; };
		76D67E18132D886300786FB0 /* 7.wav */ = {isa = PBXFileReference; lastKnownFileType = audio.wav; path = 7.wav; sourceTree = "<group>"; };
		76D67E19132D886300786FB0 /* 8.wav */ = {isa = PBXFileReference; lastKnownFileType = audio.wav; path = 8.wav; sourceTree = "<group>"; };
		76D67E1A132D886300786FB0 /* 9.wav */ = {isa = PBXFileReference; lastKnownFileType = audio.wav; path = 9.wav; sourceTree = "<group>"; };
		76D67E1B132D886300786FB0 /* 10.wav */ = {isa = PBXFileReference; lastKnownFileType = audio.wav; path = 10.wav; sourceTree = "<group>"; };
		76D67E1C132D886300786FB0 /* 11.wav */ = {isa = PBXFileReference; lastKnownFileType = audio.wav; path = 11.wav; sourceTree = "<group>"; };
		76D67E1D132D886300786FB0 /* 12.wav */ = {isa = PBXFileReference; lastKnownFileType = audio.wav; path = 12.wav; sourceTree = "<group>"; };
		76D67E1E132D886300786FB0 /* 13.wav */ = {isa = PBXFileReference; lastKnownFileType = audio.wav; path = 13.wav; sourceTree = "<group>"; };
		76D67E1F132D886300786FB0 /* 14.wav */ = {isa = PBXFileReference; lastKnownFileType = audio.wav; path = 14.wav; sourceTree = "<group>"; };
		76D67E20132D886300786FB0 /* 15.wav */ = {isa = PBXFileReference; lastKnownFileType = audio.wav; path = 15.wav; sourceTree = "<group>"; };
		76D67E21132D886300786FB0 /* 16.wav */ = {isa = PBXFileReference; lastKnownFileType = audio.wav; path = 16.wav; sourceTree = "<group>"; };
		76D67E22132D886300786FB0 /* 17.wav */ = {isa = PBXFileReference; lastKnownFileType = audio.wav; path = 17.wav; sourceTree = "<group>"; };
		76D67E23132D886300786FB0 /* 18.wav */ = {isa = PBXFileReference; lastKnownFileType = audio.wav; path = 18.wav; sourceTree = "<group>"; };
		76D67E24132D886300786FB0 /* 19.wav */ = {isa = PBXFileReference; lastKnownFileType = audio.wav; path = 19.wav; sourceTree = "<group>"; };
		76D67E25132D886300786FB0 /* 20.wav */ = {isa = PBXFileReference; lastKnownFileType = audio.wav; path = 20.wav; sourceTree = "<group>"; };
		76D67E26132D886300786FB0 /* 21.wav */ = {isa = PBXFileReference; lastKnownFileType = audio.wav; path = 21.wav; sourceTree = "<group>"; };
		76D67E27132D886300786FB0 /* 22.wav */ = {isa = PBXFileReference; lastKnownFileType = audio.wav; path = 22.wav; sourceTree = "<group>"; };
		76D67E28132D886300786FB0 /* 23.wav */ = {isa = PBXFileReference; lastKnownFileType = audio.wav; path = 23.wav; sourceTree = "<group>"; };
		76D67E29132D886300786FB0 /* 24.wav */ = {isa = PBXFileReference; lastKnownFileType = audio.wav; path = 24.wav; sourceTree = "<group>"; };
		76D67E2A132D886300786FB0 /* 25.wav */ = {isa = PBXFileReference; lastKnownFileType = audio.wav; path = 25.wav; sourceTree = "<group>"; };
		76D67E2B132D886300786FB0 /* 26.wav */ = {isa = PBXFileReference; lastKnownFileType = audio.wav; path = 26.wav; sourceTree = "<group>"; };
		76D67E2C132D886300786FB0 /* 27.wav */ = {isa = PBXFileReference; lastKnownFileType = audio.wav; path = 27.wav; sourceTree = "<group>"; };
		76D67E2D132D886300786FB0 /* 28.wav */ = {isa = PBXFileReference; lastKnownFileType = audio.wav; path = 28.wav; sourceTree = "<group>"; };
		76D67E2E132D886300786FB0 /* 29.wav */ = {isa = PBXFileReference; lastKnownFileType = audio.wav; path = 29.wav; sourceTree = "<group>"; };
		76D67E2F132D886300786FB0 /* 30.wav */ = {isa = PBXFileReference; lastKnownFileType = audio.wav; path = 30.wav; sourceTree = "<group>"; };
		76D67E30132D886300786FB0 /* divided.wav */ = {isa = PBXFileReference; lastKnownFileType = audio.wav; path = divided.wav; sourceTree = "<group>"; };
		76D67E31132D886300786FB0 /* minus.wav */ = {isa = PBXFileReference; lastKnownFileType = audio.wav; path = minus.wav; sourceTree = "<group>"; };
		76D67E32132D886300786FB0 /* no0.wav */ = {isa = PBXFileReference; lastKnownFileType = audio.wav; path = no0.wav; sourceTree = "<group>"; };
		76D67E33132D886300786FB0 /* no1.wav */ = {isa = PBXFileReference; lastKnownFileType = audio.wav; path = no1.wav; sourceTree = "<group>"; };
		76D67E34132D886300786FB0 /* no2.wav */ = {isa = PBXFileReference; lastKnownFileType = audio.wav; path = no2.wav; sourceTree = "<group>"; };
		76D67E35132D886300786FB0 /* no3.wav */ = {isa = PBXFileReference; lastKnownFileType = audio.wav; path = no3.wav; sourceTree = "<group>"; };
		76D67E36132D886300786FB0 /* no4.wav */ = {isa = PBXFileReference; lastKnownFileType = audio.wav; path = no4.wav; sourceTree = "<group>"; };
		76D67E37132D886300786FB0 /* no5.wav */ = {isa = PBXFileReference; lastKnownFileType = audio.wav; path = no5.wav; sourceTree = "<group>"; };
		76D67E38132D886300786FB0 /* plus.wav */ = {isa = PBXFileReference; lastKnownFileType = audio.wav; path = plus.wav; sourceTree = "<group>"; };
		76D67E39132D886300786FB0 /* times.wav */ = {isa = PBXFileReference; lastKnownFileType = audio.wav; path = times.wav; sourceTree = "<group>"; };
		76D67E3A132D886300786FB0 /* welcome.wav */ = {isa = PBXFileReference; lastKnownFileType = audio.wav; path = welcome.wav; sourceTree = "<group>"; };
		76D67E3B132D886300786FB0 /* what.wav */ = {isa = PBXFileReference; lastKnownFileType = audio.wav; path = what.wav; sourceTree = "<group>"; };
		76D67E3C132D886300786FB0 /* yes0.wav */ = {isa = PBXFileReference; lastKnownFileType = audio.wav; path = yes0.wav; sourceTree = "<group>"; };
		76D67E3D132D886300786FB0 /* yes1.wav */ = {isa = PBXFileReference; lastKnownFileType = audio.wav; path = yes1.wav; sourceTree = "<group>"; };
		76D67E3E132D886300786FB0 /* yes2.wav */ = {isa = PBXFileReference; lastKnownFileType = audio.wav; path = yes2.wav; sourceTree = "<group>"; };
		76D67E3F132D886300786FB0 /* yes3.wav */ = {isa = PBXFileReference; lastKnownFileType = audio.wav; path = yes3.wav; sourceTree = "<group>"; };
		76D67E40132D886300786FB0 /* yes4.wav */ = {isa = PBXFileReference; lastKnownFileType = audio.wav; path = yes4.wav; sourceTree = "<group>"; };
		76D67E41132D886300786FB0 /* yes5.wav */ = {isa = PBXFileReference; lastKnownFileType = audio.wav; path = yes5.wav; sourceTree = "<group>"; };
		76D67EB7132D8F9E00786FB0 /* iAd.framework */ = {isa = PBXFileReference; lastKnownFileType = wrapper.framework; name = iAd.framework; path = System/Library/Frameworks/iAd.framework; sourceTree = SDKROOT; };
		76DA2AFD132DB04000125744 /* Entitlements.plist */ = {isa = PBXFileReference; fileEncoding = 4; lastKnownFileType = text.plist.xml; path = Entitlements.plist; sourceTree = "<group>"; };
		8D1107310486CEB800E47090 /* MathTutor-Info.plist */ = {isa = PBXFileReference; fileEncoding = 4; lastKnownFileType = text.plist.xml; path = "MathTutor-Info.plist"; plistStructureDefinitionIdentifier = "com.apple.xcode.plist.structure-definition.iphone.info-plist"; sourceTree = "<group>"; };
/* End PBXFileReference section */

/* Begin PBXFrameworksBuildPhase section */
		1D60588F0D05DD3D006BFB54 /* Frameworks */ = {
			isa = PBXFrameworksBuildPhase;
			buildActionMask = 2147483647;
			files = (
				76375587142BD1A600CA49C4 /* GameKit.framework in Frameworks */,
				1D60589F0D05DD5A006BFB54 /* Foundation.framework in Frameworks */,
				1DF5F4E00D08C38300B7A737 /* UIKit.framework in Frameworks */,
				288765FD0DF74451002DB57D /* CoreGraphics.framework in Frameworks */,
				28EEBFDD1118E19E00187D67 /* CoreData.framework in Frameworks */,
				76D67DDB132D7F0F00786FB0 /* AudioToolbox.framework in Frameworks */,
				76D67EB8132D8F9E00786FB0 /* iAd.framework in Frameworks */,
			);
			runOnlyForDeploymentPostprocessing = 0;
		};
/* End PBXFrameworksBuildPhase section */

/* Begin PBXGroup section */
		19C28FACFE9D520D11CA2CBB /* Products */ = {
			isa = PBXGroup;
			children = (
				1D6058910D05DD3D006BFB54 /* MathTutor.app */,
			);
			name = Products;
			sourceTree = "<group>";
		};
		2860E386111B897F00E27156 /* iPhone */ = {
			isa = PBXGroup;
			children = (
				2860E389111B897F00E27156 /* MainWindow_iPhone.xib */,
				76A4FB3F131C34D300A052C6 /* iPhoneStartScreenController.xib */,
				76A4FBB2131C3C7600A052C6 /* iPhonePlayController.xib */,
				7637557E142BCDD500CA49C4 /* PlayerViewController.xib */,
			);
			path = iPhone;
			sourceTree = "<group>";
		};
		28EEBF621118D79A00187D67 /* Shared */ = {
			isa = PBXGroup;
			children = (
				76D67DD1132D7EB600786FB0 /* SoundDelegate.h */,
				76D67DCE132D7DEB00786FB0 /* SoundManager.h */,
				76D67DCF132D7DEB00786FB0 /* SoundManager.m */,
				76A4FBAB131C3C5200A052C6 /* PlayController.h */,
				76A4FBAC131C3C5200A052C6 /* PlayController.m */,
				76A4FB38131C34AE00A052C6 /* StartScreenController.h */,
				76A4FB39131C34AE00A052C6 /* StartScreenController.m */,
				2819307C112F81BE00ECF9B4 /* MathTutor.xcdatamodeld */,
				28EEC0491118E28000187D67 /* AppDelegate_Shared.h */,
				28EEC04A1118E28000187D67 /* AppDelegate_Shared.m */,
				8D1107310486CEB800E47090 /* MathTutor-Info.plist */,
				7637557C142BCDD500CA49C4 /* PlayerViewController.h */,
				7637557D142BCDD500CA49C4 /* PlayerViewController.m */,
				76375595142C0FDC00CA49C4 /* ScoreTableList.h */,
				76375596142C0FDC00CA49C4 /* ScoreTableList.m */,
				76375597142C0FDC00CA49C4 /* ScoreTableList.xib */,
				7645057114428BBD0070C8D0 /* RootViewController.h */,
				7645057214428BBD0070C8D0 /* RootViewController.m */,
				764505741443FDDB0070C8D0 /* Storyboard_iPhone.storyboard */,
			);
			name = Shared;
			sourceTree = "<group>";
		};
		29B97314FDCFA39411CA2CEA /* CustomTemplate */ = {
			isa = PBXGroup;
			children = (
				76375586142BD1A600CA49C4 /* GameKit.framework */,
				76A4FB5E131C377600A052C6 /* Resources */,
				2860E386111B897F00E27156 /* iPhone */,
				29B97317FDCFA39411CA2CEA /* iPad */,
				28EEBF621118D79A00187D67 /* Shared */,
				29B97315FDCFA39411CA2CEA /* Other Sources */,
				29B97323FDCFA39411CA2CEA /* Frameworks */,
				19C28FACFE9D520D11CA2CBB /* Products */,
				76D67DDA132D7F0F00786FB0 /* AudioToolbox.framework */,
				76D67EB7132D8F9E00786FB0 /* iAd.framework */,
				76DA2AFD132DB04000125744 /* Entitlements.plist */,
			);
			name = CustomTemplate;
			sourceTree = "<group>";
		};
		29B97315FDCFA39411CA2CEA /* Other Sources */ = {
			isa = PBXGroup;
			children = (
				32CA4F630368D1EE00C91783 /* MathTutor_Prefix.pch */,
				29B97316FDCFA39411CA2CEA /* main.m */,
			);
			name = "Other Sources";
			sourceTree = "<group>";
		};
		29B97317FDCFA39411CA2CEA /* iPad */ = {
			isa = PBXGroup;
			children = (
				28AD733E0D9D9553002E5188 /* MainWindow_iPad.xib */,
				76A4FB3A131C34AE00A052C6 /* iPadStartScreenController.xib */,
				76A4FBAD131C3C5200A052C6 /* iPadPlayController.xib */,
				76375583142BCDF200CA49C4 /* iPadPlayerViewController.xib */,
			);
			name = iPad;
			sourceTree = "<group>";
		};
		29B97323FDCFA39411CA2CEA /* Frameworks */ = {
			isa = PBXGroup;
			children = (
				1DF5F4DF0D08C38300B7A737 /* UIKit.framework */,
				1D30AB110D05D00D00671497 /* Foundation.framework */,
				288765FC0DF74451002DB57D /* CoreGraphics.framework */,
				28EEBFDC1118E19E00187D67 /* CoreData.framework */,
			);
			name = Frameworks;
			sourceTree = "<group>";
		};
		76A4FB5E131C377600A052C6 /* Resources */ = {
			isa = PBXGroup;
			children = (
				76105DC313DFC85B002452E0 /* sad.png */,
				76105DC113DFC7CE002452E0 /* star.png */,
				761A3804132F16050035BC9F /* none.wav */,
				76699D2C132DADD700317ACC /* Icon-72.png */,
				76699D2D132DADD700317ACC /* Icon.png */,
				76699D2E132DADD700317ACC /* Icon@2x.png */,
				76D67E12132D886300786FB0 /* 1.wav */,
				76D67E13132D886300786FB0 /* 2.wav */,
				76D67E14132D886300786FB0 /* 3.wav */,
				76D67E15132D886300786FB0 /* 4.wav */,
				76D67E16132D886300786FB0 /* 5.wav */,
				76D67E17132D886300786FB0 /* 6.wav */,
				76D67E18132D886300786FB0 /* 7.wav */,
				76D67E19132D886300786FB0 /* 8.wav */,
				76D67E1A132D886300786FB0 /* 9.wav */,
				76D67E1B132D886300786FB0 /* 10.wav */,
				76D67E1C132D886300786FB0 /* 11.wav */,
				76D67E1D132D886300786FB0 /* 12.wav */,
				76D67E1E132D886300786FB0 /* 13.wav */,
				76D67E1F132D886300786FB0 /* 14.wav */,
				76D67E20132D886300786FB0 /* 15.wav */,
				76D67E21132D886300786FB0 /* 16.wav */,
				76D67E22132D886300786FB0 /* 17.wav */,
				76D67E23132D886300786FB0 /* 18.wav */,
				76D67E24132D886300786FB0 /* 19.wav */,
				76D67E25132D886300786FB0 /* 20.wav */,
				76D67E26132D886300786FB0 /* 21.wav */,
				76D67E27132D886300786FB0 /* 22.wav */,
				76D67E28132D886300786FB0 /* 23.wav */,
				76D67E29132D886300786FB0 /* 24.wav */,
				76D67E2A132D886300786FB0 /* 25.wav */,
				76D67E2B132D886300786FB0 /* 26.wav */,
				76D67E2C132D886300786FB0 /* 27.wav */,
				76D67E2D132D886300786FB0 /* 28.wav */,
				76D67E2E132D886300786FB0 /* 29.wav */,
				76D67E2F132D886300786FB0 /* 30.wav */,
				76D67E30132D886300786FB0 /* divided.wav */,
				76D67E31132D886300786FB0 /* minus.wav */,
				76D67E32132D886300786FB0 /* no0.wav */,
				76D67E33132D886300786FB0 /* no1.wav */,
				76D67E34132D886300786FB0 /* no2.wav */,
				76D67E35132D886300786FB0 /* no3.wav */,
				76D67E36132D886300786FB0 /* no4.wav */,
				76D67E37132D886300786FB0 /* no5.wav */,
				76D67E38132D886300786FB0 /* plus.wav */,
				76D67E39132D886300786FB0 /* times.wav */,
				76D67E3A132D886300786FB0 /* welcome.wav */,
				76D67E3B132D886300786FB0 /* what.wav */,
				76D67E3C132D886300786FB0 /* yes0.wav */,
				76D67E3D132D886300786FB0 /* yes1.wav */,
				76D67E3E132D886300786FB0 /* yes2.wav */,
				76D67E3F132D886300786FB0 /* yes3.wav */,
				76D67E40132D886300786FB0 /* yes4.wav */,
				76D67E41132D886300786FB0 /* yes5.wav */,
				7693B6CE131F02060085DACB /* black.png */,
				76A4FB68131C392B00A052C6 /* TN_09-10_S_22A.jpg */,
				76A4FB5F131C377600A052C6 /* Default.png */,
			);
			path = Resources;
			sourceTree = "<group>";
		};
/* End PBXGroup section */

/* Begin PBXNativeTarget section */
		1D6058900D05DD3D006BFB54 /* MathTutor */ = {
			isa = PBXNativeTarget;
			buildConfigurationList = 1D6058960D05DD3E006BFB54 /* Build configuration list for PBXNativeTarget "MathTutor" */;
			buildPhases = (
				1D60588D0D05DD3D006BFB54 /* Resources */,
				1D60588E0D05DD3D006BFB54 /* Sources */,
				1D60588F0D05DD3D006BFB54 /* Frameworks */,
			);
			buildRules = (
			);
			dependencies = (
			);
			name = MathTutor;
			productName = MathTutor;
			productReference = 1D6058910D05DD3D006BFB54 /* MathTutor.app */;
			productType = "com.apple.product-type.application";
		};
/* End PBXNativeTarget section */

/* Begin PBXProject section */
		29B97313FDCFA39411CA2CEA /* Project object */ = {
			isa = PBXProject;
			attributes = {
				LastUpgradeCheck = 0420;
			};
			buildConfigurationList = C01FCF4E08A954540054247B /* Build configuration list for PBXProject "MathTutor" */;
			compatibilityVersion = "Xcode 3.2";
			developmentRegion = English;
			hasScannedForEncodings = 1;
			knownRegions = (
				English,
				Japanese,
				French,
				German,
			);
			mainGroup = 29B97314FDCFA39411CA2CEA /* CustomTemplate */;
			projectDirPath = "";
			projectRoot = "";
			targets = (
				1D6058900D05DD3D006BFB54 /* MathTutor */,
			);
		};
/* End PBXProject section */

/* Begin PBXResourcesBuildPhase section */
		1D60588D0D05DD3D006BFB54 /* Resources */ = {
			isa = PBXResourcesBuildPhase;
			buildActionMask = 2147483647;
			files = (
				28AD733F0D9D9553002E5188 /* MainWindow_iPad.xib in Resources */,
				2860E38B111B897F00E27156 /* MainWindow_iPhone.xib in Resources */,
				76A4FB3C131C34AE00A052C6 /* iPadStartScreenController.xib in Resources */,
				76A4FB41131C34D300A052C6 /* iPhoneStartScreenController.xib in Resources */,
				76A4FB60131C377600A052C6 /* Default.png in Resources */,
				76A4FB69131C392B00A052C6 /* TN_09-10_S_22A.jpg in Resources */,
				76A4FBAF131C3C5200A052C6 /* iPadPlayController.xib in Resources */,
				76A4FBB4131C3C7600A052C6 /* iPhonePlayController.xib in Resources */,
				7693B6CF131F02060085DACB /* black.png in Resources */,
				76D67E42132D886300786FB0 /* 1.wav in Resources */,
				76D67E43132D886300786FB0 /* 2.wav in Resources */,
				76D67E44132D886300786FB0 /* 3.wav in Resources */,
				76D67E45132D886300786FB0 /* 4.wav in Resources */,
				76D67E46132D886300786FB0 /* 5.wav in Resources */,
				76D67E47132D886300786FB0 /* 6.wav in Resources */,
				76D67E48132D886300786FB0 /* 7.wav in Resources */,
				76D67E49132D886300786FB0 /* 8.wav in Resources */,
				76D67E4A132D886300786FB0 /* 9.wav in Resources */,
				76D67E4B132D886300786FB0 /* 10.wav in Resources */,
				76D67E4C132D886300786FB0 /* 11.wav in Resources */,
				76D67E4D132D886300786FB0 /* 12.wav in Resources */,
				76D67E4E132D886300786FB0 /* 13.wav in Resources */,
				76D67E4F132D886300786FB0 /* 14.wav in Resources */,
				76D67E50132D886300786FB0 /* 15.wav in Resources */,
				76D67E51132D886300786FB0 /* 16.wav in Resources */,
				76D67E52132D886300786FB0 /* 17.wav in Resources */,
				76D67E53132D886300786FB0 /* 18.wav in Resources */,
				76D67E54132D886300786FB0 /* 19.wav in Resources */,
				76D67E55132D886300786FB0 /* 20.wav in Resources */,
				76D67E56132D886300786FB0 /* 21.wav in Resources */,
				76D67E57132D886300786FB0 /* 22.wav in Resources */,
				76D67E58132D886300786FB0 /* 23.wav in Resources */,
				76D67E59132D886300786FB0 /* 24.wav in Resources */,
				76D67E5A132D886300786FB0 /* 25.wav in Resources */,
				76D67E5B132D886300786FB0 /* 26.wav in Resources */,
				76D67E5C132D886300786FB0 /* 27.wav in Resources */,
				76D67E5D132D886300786FB0 /* 28.wav in Resources */,
				76D67E5E132D886300786FB0 /* 29.wav in Resources */,
				76D67E5F132D886300786FB0 /* 30.wav in Resources */,
				76D67E60132D886300786FB0 /* divided.wav in Resources */,
				76D67E61132D886300786FB0 /* minus.wav in Resources */,
				76D67E62132D886300786FB0 /* no0.wav in Resources */,
				76D67E63132D886300786FB0 /* no1.wav in Resources */,
				76D67E64132D886300786FB0 /* no2.wav in Resources */,
				76D67E65132D886300786FB0 /* no3.wav in Resources */,
				76D67E66132D886300786FB0 /* no4.wav in Resources */,
				76D67E67132D886300786FB0 /* no5.wav in Resources */,
				76D67E68132D886300786FB0 /* plus.wav in Resources */,
				76D67E69132D886300786FB0 /* times.wav in Resources */,
				76D67E6A132D886300786FB0 /* welcome.wav in Resources */,
				76D67E6B132D886300786FB0 /* what.wav in Resources */,
				76D67E6C132D886300786FB0 /* yes0.wav in Resources */,
				76D67E6D132D886300786FB0 /* yes1.wav in Resources */,
				76D67E6E132D886300786FB0 /* yes2.wav in Resources */,
				76D67E6F132D886300786FB0 /* yes3.wav in Resources */,
				76D67E70132D886300786FB0 /* yes4.wav in Resources */,
				76D67E71132D886300786FB0 /* yes5.wav in Resources */,
				76699D2F132DADD700317ACC /* Icon-72.png in Resources */,
				76699D30132DADD700317ACC /* Icon.png in Resources */,
				76699D31132DADD700317ACC /* Icon@2x.png in Resources */,
				761A3805132F16050035BC9F /* none.wav in Resources */,
				76105DC213DFC7CE002452E0 /* star.png in Resources */,
				76105DC413DFC85B002452E0 /* sad.png in Resources */,
				76375580142BCDD500CA49C4 /* PlayerViewController.xib in Resources */,
				76375585142BCDF200CA49C4 /* iPadPlayerViewController.xib in Resources */,
				76375599142C0FDC00CA49C4 /* ScoreTableList.xib in Resources */,
				764505751443FDDB0070C8D0 /* Storyboard_iPhone.storyboard in Resources */,
			);
			runOnlyForDeploymentPostprocessing = 0;
		};
/* End PBXResourcesBuildPhase section */

/* Begin PBXSourcesBuildPhase section */
		1D60588E0D05DD3D006BFB54 /* Sources */ = {
			isa = PBXSourcesBuildPhase;
			buildActionMask = 2147483647;
			files = (
				1D60589B0D05DD56006BFB54 /* main.m in Sources */,
				28EEC04B1118E28000187D67 /* AppDelegate_Shared.m in Sources */,
				2819307D112F81BE00ECF9B4 /* MathTutor.xcdatamodeld in Sources */,
				76A4FB3B131C34AE00A052C6 /* StartScreenController.m in Sources */,
				76A4FBAE131C3C5200A052C6 /* PlayController.m in Sources */,
				76D67DD0132D7DEB00786FB0 /* SoundManager.m in Sources */,
				7637557F142BCDD500CA49C4 /* PlayerViewController.m in Sources */,
				76375598142C0FDC00CA49C4 /* ScoreTableList.m in Sources */,
				7645057314428BBD0070C8D0 /* RootViewController.m in Sources */,
			);
			runOnlyForDeploymentPostprocessing = 0;
		};
/* End PBXSourcesBuildPhase section */

/* Begin XCBuildConfiguration section */
		1D6058940D05DD3E006BFB54 /* Debug */ = {
			isa = XCBuildConfiguration;
			buildSettings = {
				ALWAYS_SEARCH_USER_PATHS = NO;
				ARCHS = (
					armv6,
					armv7,
				);
				CODE_SIGN_ENTITLEMENTS = "";
				CODE_SIGN_IDENTITY = "iPhone Developer";
				COPY_PHASE_STRIP = NO;
				GCC_DYNAMIC_NO_PIC = NO;
				GCC_OPTIMIZATION_LEVEL = 0;
				GCC_PRECOMPILE_PREFIX_HEADER = YES;
				GCC_PREFIX_HEADER = MathTutor_Prefix.pch;
				GCC_VERSION = "";
				INFOPLIST_FILE = "MathTutor-Info.plist";
				IPHONEOS_DEPLOYMENT_TARGET = 3.2;
				PRODUCT_NAME = MathTutor;
				PROVISIONING_PROFILE = "";
			};
			name = Debug;
		};
		1D6058950D05DD3E006BFB54 /* Release */ = {
			isa = XCBuildConfiguration;
			buildSettings = {
				ALWAYS_SEARCH_USER_PATHS = NO;
				ARCHS = (
					armv6,
					armv7,
				);
				CODE_SIGN_ENTITLEMENTS = "";
				CODE_SIGN_IDENTITY = "iPhone Distribution";
				"CODE_SIGN_IDENTITY[sdk=iphoneos*]" = "iPhone Distribution: Albert Pascual";
				COPY_PHASE_STRIP = YES;
				GCC_PRECOMPILE_PREFIX_HEADER = YES;
				GCC_PREFIX_HEADER = MathTutor_Prefix.pch;
				GCC_VERSION = "";
				INFOPLIST_FILE = "MathTutor-Info.plist";
				IPHONEOS_DEPLOYMENT_TARGET = 3.2;
				PRODUCT_NAME = MathTutor;
				PROVISIONING_PROFILE = "";
				"PROVISIONING_PROFILE[sdk=iphoneos*]" = "03860BD2-20F7-4138-9204-95D167F7B01E";
				VALIDATE_PRODUCT = YES;
			};
			name = Release;
		};
		76699D3F132DAEAA00317ACC /* Distribution */ = {
			isa = XCBuildConfiguration;
			buildSettings = {
				ARCHS = "$(ARCHS_STANDARD_32_BIT)";
				CODE_SIGN_IDENTITY = "iPhone Distribution";
				"CODE_SIGN_IDENTITY[sdk=iphoneos*]" = "iPhone Distribution";
				GCC_C_LANGUAGE_STANDARD = c99;
				GCC_WARN_ABOUT_RETURN_TYPE = YES;
				GCC_WARN_UNUSED_VARIABLE = YES;
				IPHONEOS_DEPLOYMENT_TARGET = 3.2;
				OTHER_CFLAGS = "-DNS_BLOCK_ASSERTIONS=1";
				PROVISIONING_PROFILE = "";
				"PROVISIONING_PROFILE[sdk=iphoneos*]" = "";
				SDKROOT = iphoneos;
				TARGETED_DEVICE_FAMILY = "1,2";
			};
			name = Distribution;
		};
		76699D40132DAEAA00317ACC /* Distribution */ = {
			isa = XCBuildConfiguration;
			buildSettings = {
				ALWAYS_SEARCH_USER_PATHS = NO;
				ARCHS = (
					armv6,
					armv7,
				);
				CODE_SIGN_ENTITLEMENTS = "";
				CODE_SIGN_IDENTITY = "iPhone Distribution";
				"CODE_SIGN_IDENTITY[sdk=iphoneos*]" = "iPhone Distribution: Albert Pascual";
				COPY_PHASE_STRIP = YES;
				GCC_PRECOMPILE_PREFIX_HEADER = YES;
				GCC_PREFIX_HEADER = MathTutor_Prefix.pch;
				GCC_VERSION = "";
				INFOPLIST_FILE = "MathTutor-Info.plist";
				IPHONEOS_DEPLOYMENT_TARGET = 3.2;
				PRODUCT_NAME = MathTutor;
				PROVISIONING_PROFILE = "";
				"PROVISIONING_PROFILE[sdk=iphoneos*]" = "03860BD2-20F7-4138-9204-95D167F7B01E";
				VALIDATE_PRODUCT = YES;
			};
			name = Distribution;
		};
		C01FCF4F08A954540054247B /* Debug */ = {
			isa = XCBuildConfiguration;
			buildSettings = {
				ARCHS = "$(ARCHS_STANDARD_32_BIT)";
				CODE_SIGN_IDENTITY = "iPhone Developer";
				"CODE_SIGN_IDENTITY[sdk=iphoneos*]" = "iPhone Developer";
				GCC_C_LANGUAGE_STANDARD = c99;
				GCC_WARN_ABOUT_RETURN_TYPE = YES;
				GCC_WARN_UNUSED_VARIABLE = YES;
				IPHONEOS_DEPLOYMENT_TARGET = 3.2;
				PROVISIONING_PROFILE = "";
				SDKROOT = iphoneos;
				TARGETED_DEVICE_FAMILY = "1,2";
			};
			name = Debug;
		};
		C01FCF5008A954540054247B /* Release */ = {
			isa = XCBuildConfiguration;
			buildSettings = {
				ARCHS = "$(ARCHS_STANDARD_32_BIT)";
				CODE_SIGN_IDENTITY = "iPhone Distribution";
				"CODE_SIGN_IDENTITY[sdk=iphoneos*]" = "iPhone Distribution";
				GCC_C_LANGUAGE_STANDARD = c99;
				GCC_WARN_ABOUT_RETURN_TYPE = YES;
				GCC_WARN_UNUSED_VARIABLE = YES;
				IPHONEOS_DEPLOYMENT_TARGET = 3.2;
				OTHER_CFLAGS = "-DNS_BLOCK_ASSERTIONS=1";
				PROVISIONING_PROFILE = "";
				"PROVISIONING_PROFILE[sdk=iphoneos*]" = "";
				SDKROOT = iphoneos;
				TARGETED_DEVICE_FAMILY = "1,2";
			};
			name = Release;
		};
/* End XCBuildConfiguration section */

/* Begin XCConfigurationList section */
		1D6058960D05DD3E006BFB54 /* Build configuration list for PBXNativeTarget "MathTutor" */ = {
			isa = XCConfigurationList;
			buildConfigurations = (
				1D6058940D05DD3E006BFB54 /* Debug */,
				1D6058950D05DD3E006BFB54 /* Release */,
				76699D40132DAEAA00317ACC /* Distribution */,
			);
			defaultConfigurationIsVisible = 0;
			defaultConfigurationName = Distribution;
		};
		C01FCF4E08A954540054247B /* Build configuration list for PBXProject "MathTutor" */ = {
			isa = XCConfigurationList;
			buildConfigurations = (
				C01FCF4F08A954540054247B /* Debug */,
				C01FCF5008A954540054247B /* Release */,
				76699D3F132DAEAA00317ACC /* Distribution */,
			);
			defaultConfigurationIsVisible = 0;
			defaultConfigurationName = Distribution;
		};
/* End XCConfigurationList section */

/* Begin XCVersionGroup section */
		2819307C112F81BE00ECF9B4 /* MathTutor.xcdatamodeld */ = {
			isa = XCVersionGroup;
			children = (
				2870939E111907710040F596 /* MathTutor.xcdatamodel */,
			);
			currentVersion = 2870939E111907710040F596 /* MathTutor.xcdatamodel */;
			name = MathTutor.xcdatamodeld;
			path = Shared/MathTutor.xcdatamodeld;
			sourceTree = "<group>";
			versionGroupType = wrapper.xcdatamodel;
		};
/* End XCVersionGroup section */
	};
	rootObject = 29B97313FDCFA39411CA2CEA /* Project object */;
}
